
Microsoft Visual Studio Solution File, Format Version 12.00
# Visual Studio 15
Project("{FAE04EC0-301F-11D3-BF4B-00C04F79EFBC}") = "Assembly-CSharp", "Assembly-CSharp.csproj", "{438929C4-8486-F778-46C1-BB12D2EA8334}"
EndProject
Project("{FAE04EC0-301F-11D3-BF4B-00C04F79EFBC}") = "Assembly-CSharp-firstpass", "Assembly-CSharp-firstpass.csproj", "{75F943F0-73EF-93D7-DE1D-129E7ECCD3E3}"
EndProject
Project("{FAE04EC0-301F-11D3-BF4B-00C04F79EFBC}") = "Assembly-CSharp-Editor", "Assembly-CSharp-Editor.csproj", "{37D5F607-0A25-FBD5-813C-ED268E577E2D}"
EndProject
Project("{FAE04EC0-301F-11D3-BF4B-00C04F79EFBC}") = "Assembly-CSharp-Editor-firstpass", "Assembly-CSharp-Editor-firstpass.csproj", "{6F42E3D7-C839-C7B1-7B4B-DC8D0BA7F01B}"
EndProject
Global
	GlobalSection(SolutionConfigurationPlatforms) = preSolution
		Debug|Any CPU = Debug|Any CPU
		Release|Any CPU = Release|Any CPU
	EndGlobalSection
	GlobalSection(ProjectConfigurationPlatforms) = postSolution
		{438929C4-8486-F778-46C1-BB12D2EA8334}.Debug|Any CPU.ActiveCfg = Debug|Any CPU
		{438929C4-8486-F778-46C1-BB12D2EA8334}.Debug|Any CPU.Build.0 = Debug|Any CPU
		{438929C4-8486-F778-46C1-BB12D2EA8334}.Release|Any CPU.ActiveCfg = Release|Any CPU
		{438929C4-8486-F778-46C1-BB12D2EA8334}.Release|Any CPU.Build.0 = Release|Any CPU
		{75F943F0-73EF-93D7-DE1D-129E7ECCD3E3}.Debug|Any CPU.ActiveCfg = Debug|Any CPU
		{75F943F0-73EF-93D7-DE1D-129E7ECCD3E3}.Debug|Any CPU.Build.0 = Debug|Any CPU
		{75F943F0-73EF-93D7-DE1D-129E7ECCD3E3}.Release|Any CPU.ActiveCfg = Release|Any CPU
		{75F943F0-73EF-93D7-DE1D-129E7ECCD3E3}.Release|Any CPU.Build.0 = Release|Any CPU
		{37D5F607-0A25-FBD5-813C-ED268E577E2D}.Debug|Any CPU.ActiveCfg = Debug|Any CPU
		{37D5F607-0A25-FBD5-813C-ED268E577E2D}.Debug|Any CPU.Build.0 = Debug|Any CPU
		{37D5F607-0A25-FBD5-813C-ED268E577E2D}.Release|Any CPU.ActiveCfg = Release|Any CPU
		{37D5F607-0A25-FBD5-813C-ED268E577E2D}.Release|Any CPU.Build.0 = Release|Any CPU
		{6F42E3D7-C839-C7B1-7B4B-DC8D0BA7F01B}.Debug|Any CPU.ActiveCfg = Debug|Any CPU
		{6F42E3D7-C839-C7B1-7B4B-DC8D0BA7F01B}.Debug|Any CPU.Build.0 = Debug|Any CPU
		{6F42E3D7-C839-C7B1-7B4B-DC8D0BA7F01B}.Release|Any CPU.ActiveCfg = Release|Any CPU
		{6F42E3D7-C839-C7B1-7B4B-DC8D0BA7F01B}.Release|Any CPU.Build.0 = Release|Any CPU
	EndGlobalSection
	GlobalSection(SolutionProperties) = preSolution
		HideSolutionNode = FALSE
	EndGlobalSection
EndGlobal
